
Microsoft Visual Studio Solution File, Format Version 12.00
# Visual Studio Version 17
VisualStudioVersion = 17.6.33723.286
MinimumVisualStudioVersion = 10.0.40219.1
Project("{FAE04EC0-301F-11D3-BF4B-00C04F79EFBC}") = "Ventas_Pilarr", "Ventas_Pilarr.csproj", "{C3572398-4A8A-4086-8735-01C05BA3419B}"
EndProject
Global
	GlobalSection(SolutionConfigurationPlatforms) = preSolution
		Debug|Any CPU = Debug|Any CPU
		Release|Any CPU = Release|Any CPU
	EndGlobalSection
	GlobalSection(ProjectConfigurationPlatforms) = postSolution
		{C3572398-4A8A-4086-8735-01C05BA3419B}.Debug|Any CPU.ActiveCfg = Debug|Any CPU
		{C3572398-4A8A-4086-8735-01C05BA3419B}.Debug|Any CPU.Build.0 = Debug|Any CPU
		{C3572398-4A8A-4086-8735-01C05BA3419B}.Release|Any CPU.ActiveCfg = Release|Any CPU
		{C3572398-4A8A-4086-8735-01C05BA3419B}.Release|Any CPU.Build.0 = Release|Any CPU
	EndGlobalSection
	GlobalSection(SolutionProperties) = preSolution
		HideSolutionNode = FALSE
	EndGlobalSection
	GlobalSection(ExtensibilityGlobals) = postSolution
		SolutionGuid = {26F87141-ADE3-4311-B843-33BB4BBD0CDC}
	EndGlobalSection
EndGlobal
